
Microsoft Visual Studio Solution File, Format Version 12.00
# Visual Studio 15
VisualStudioVersion = 15.0.27428.2043
MinimumVisualStudioVersion = 10.0.40219.1
Project("{FAE04EC0-301F-11D3-BF4B-00C04F79EFBC}") = "Oxford", "Oxford\Oxford.csproj", "{311D2EA3-37A4-46B0-84CA-763B173715D3}"
EndProject
Project("{FAE04EC0-301F-11D3-BF4B-00C04F79EFBC}") = "WepApi", "WepApi\WepApi.csproj", "{50610787-B109-4CE7-AC50-754FE39D9C4D}"
EndProject
Global
	GlobalSection(SolutionConfigurationPlatforms) = preSolution
		Debug|Any CPU = Debug|Any CPU
		Release|Any CPU = Release|Any CPU
	EndGlobalSection
	GlobalSection(ProjectConfigurationPlatforms) = postSolution
		{311D2EA3-37A4-46B0-84CA-763B173715D3}.Debug|Any CPU.ActiveCfg = Debug|Any CPU
		{311D2EA3-37A4-46B0-84CA-763B173715D3}.Debug|Any CPU.Build.0 = Debug|Any CPU
		{311D2EA3-37A4-46B0-84CA-763B173715D3}.Release|Any CPU.ActiveCfg = Release|Any CPU
		{311D2EA3-37A4-46B0-84CA-763B173715D3}.Release|Any CPU.Build.0 = Release|Any CPU
		{50610787-B109-4CE7-AC50-754FE39D9C4D}.Debug|Any CPU.ActiveCfg = Debug|Any CPU
		{50610787-B109-4CE7-AC50-754FE39D9C4D}.Debug|Any CPU.Build.0 = Debug|Any CPU
		{50610787-B109-4CE7-AC50-754FE39D9C4D}.Release|Any CPU.ActiveCfg = Release|Any CPU
		{50610787-B109-4CE7-AC50-754FE39D9C4D}.Release|Any CPU.Build.0 = Release|Any CPU
	EndGlobalSection
	GlobalSection(SolutionProperties) = preSolution
		HideSolutionNode = FALSE
	EndGlobalSection
	GlobalSection(ExtensibilityGlobals) = postSolution
		SolutionGuid = {F0950ECD-BD47-428C-AF5A-FEFCEE61A8A6}
	EndGlobalSection
EndGlobal
